// !$*UTF8*$!
{
	archiveVersion = 1;
	classes = {
	};
	objectVersion = 46;
	objects = {

/* Begin PBXBuildFile section */
		081FD5771C5CF4B6001CD1AA /* MonsterImg.swift in Sources */ = {isa = PBXBuildFile; fileRef = 081FD5761C5CF4B6001CD1AA /* MonsterImg.swift */; };
		084BB2C81C5BC54700B2F3A3 /* AppDelegate.swift in Sources */ = {isa = PBXBuildFile; fileRef = 084BB2C71C5BC54700B2F3A3 /* AppDelegate.swift */; };
		084BB2CA1C5BC54700B2F3A3 /* ViewController.swift in Sources */ = {isa = PBXBuildFile; fileRef = 084BB2C91C5BC54700B2F3A3 /* ViewController.swift */; };
		084BB2CD1C5BC54700B2F3A3 /* Main.storyboard in Resources */ = {isa = PBXBuildFile; fileRef = 084BB2CB1C5BC54700B2F3A3 /* Main.storyboard */; };
		084BB2CF1C5BC54700B2F3A3 /* Assets.xcassets in Resources */ = {isa = PBXBuildFile; fileRef = 084BB2CE1C5BC54700B2F3A3 /* Assets.xcassets */; };
		084BB2D21C5BC54700B2F3A3 /* LaunchScreen.storyboard in Resources */ = {isa = PBXBuildFile; fileRef = 084BB2D01C5BC54700B2F3A3 /* LaunchScreen.storyboard */; };
		084BB2DA1C5C222200B2F3A3 /* DragImg.swift in Sources */ = {isa = PBXBuildFile; fileRef = 084BB2D91C5C222200B2F3A3 /* DragImg.swift */; };
		08DF93C61C5E57AD006262DE /* bite.wav in Resources */ = {isa = PBXBuildFile; fileRef = 08DF93C11C5E57AD006262DE /* bite.wav */; };
		08DF93C71C5E57AD006262DE /* cave-music.mp3 in Resources */ = {isa = PBXBuildFile; fileRef = 08DF93C21C5E57AD006262DE /* cave-music.mp3 */; };
		08DF93C81C5E57AD006262DE /* death.wav in Resources */ = {isa = PBXBuildFile; fileRef = 08DF93C31C5E57AD006262DE /* death.wav */; };
		08DF93C91C5E57AD006262DE /* heart.wav in Resources */ = {isa = PBXBuildFile; fileRef = 08DF93C41C5E57AD006262DE /* heart.wav */; };
		08DF93CA1C5E57AD006262DE /* skull.wav in Resources */ = {isa = PBXBuildFile; fileRef = 08DF93C51C5E57AD006262DE /* skull.wav */; };
/* End PBXBuildFile section */

/* Begin PBXFileReference section */
		081FD5761C5CF4B6001CD1AA /* MonsterImg.swift */ = {isa = PBXFileReference; fileEncoding = 4; lastKnownFileType = sourcecode.swift; path = MonsterImg.swift; sourceTree = "<group>"; };
		084BB2C41C5BC54700B2F3A3 /* My Little Monster.app */ = {isa = PBXFileReference; explicitFileType = wrapper.application; includeInIndex = 0; path = "My Little Monster.app"; sourceTree = BUILT_PRODUCTS_DIR; };
		084BB2C71C5BC54700B2F3A3 /* AppDelegate.swift */ = {isa = PBXFileReference; lastKnownFileType = sourcecode.swift; path = AppDelegate.swift; sourceTree = "<group>"; };
		084BB2C91C5BC54700B2F3A3 /* ViewController.swift */ = {isa = PBXFileReference; lastKnownFileType = sourcecode.swift; path = ViewController.swift; sourceTree = "<group>"; };
		084BB2CC1C5BC54700B2F3A3 /* Base */ = {isa = PBXFileReference; lastKnownFileType = file.storyboard; name = Base; path = Base.lproj/Main.storyboard; sourceTree = "<group>"; };
		084BB2CE1C5BC54700B2F3A3 /* Assets.xcassets */ = {isa = PBXFileReference; lastKnownFileType = folder.assetcatalog; path = Assets.xcassets; sourceTree = "<group>"; };
		084BB2D11C5BC54700B2F3A3 /* Base */ = {isa = PBXFileReference; lastKnownFileType = file.storyboard; name = Base; path = Base.lproj/LaunchScreen.storyboard; sourceTree = "<group>"; };
		084BB2D31C5BC54700B2F3A3 /* Info.plist */ = {isa = PBXFileReference; lastKnownFileType = text.plist.xml; path = Info.plist; sourceTree = "<group>"; };
		084BB2D91C5C222200B2F3A3 /* DragImg.swift */ = {isa = PBXFileReference; fileEncoding = 4; lastKnownFileType = sourcecode.swift; path = DragImg.swift; sourceTree = "<group>"; };
		08DF93C11C5E57AD006262DE /* bite.wav */ = {isa = PBXFileReference; lastKnownFileType = audio.wav; path = bite.wav; sourceTree = "<group>"; };
		08DF93C21C5E57AD006262DE /* cave-music.mp3 */ = {isa = PBXFileReference; lastKnownFileType = audio.mp3; path = "cave-music.mp3"; sourceTree = "<group>"; };
		08DF93C31C5E57AD006262DE /* death.wav */ = {isa = PBXFileReference; lastKnownFileType = audio.wav; path = death.wav; sourceTree = "<group>"; };
		08DF93C41C5E57AD006262DE /* heart.wav */ = {isa = PBXFileReference; lastKnownFileType = audio.wav; path = heart.wav; sourceTree = "<group>"; };
		08DF93C51C5E57AD006262DE /* skull.wav */ = {isa = PBXFileReference; lastKnownFileType = audio.wav; path = skull.wav; sourceTree = "<group>"; };
/* End PBXFileReference section */

/* Begin PBXFrameworksBuildPhase section */
		084BB2C11C5BC54700B2F3A3 /* Frameworks */ = {
			isa = PBXFrameworksBuildPhase;
			buildActionMask = 2147483647;
			files = (
			);
			runOnlyForDeploymentPostprocessing = 0;
		};
/* End PBXFrameworksBuildPhase section */

/* Begin PBXGroup section */
		084BB2BB1C5BC54700B2F3A3 = {
			isa = PBXGroup;
			children = (
				084BB2C61C5BC54700B2F3A3 /* My Little Monster */,
				084BB2C51C5BC54700B2F3A3 /* Products */,
			);
			sourceTree = "<group>";
		};
		084BB2C51C5BC54700B2F3A3 /* Products */ = {
			isa = PBXGroup;
			children = (
				084BB2C41C5BC54700B2F3A3 /* My Little Monster.app */,
			);
			name = Products;
			sourceTree = "<group>";
		};
		084BB2C61C5BC54700B2F3A3 /* My Little Monster */ = {
			isa = PBXGroup;
			children = (
				08DF93C01C5E5760006262DE /* sounds */,
				084BB2C71C5BC54700B2F3A3 /* AppDelegate.swift */,
				084BB2C91C5BC54700B2F3A3 /* ViewController.swift */,
				084BB2D91C5C222200B2F3A3 /* DragImg.swift */,
				081FD5761C5CF4B6001CD1AA /* MonsterImg.swift */,
				084BB2CB1C5BC54700B2F3A3 /* Main.storyboard */,
				084BB2CE1C5BC54700B2F3A3 /* Assets.xcassets */,
				084BB2D01C5BC54700B2F3A3 /* LaunchScreen.storyboard */,
				084BB2D31C5BC54700B2F3A3 /* Info.plist */,
			);
			path = "My Little Monster";
			sourceTree = "<group>";
		};
		08DF93C01C5E5760006262DE /* sounds */ = {
			isa = PBXGroup;
			children = (
				08DF93C11C5E57AD006262DE /* bite.wav */,
				08DF93C21C5E57AD006262DE /* cave-music.mp3 */,
				08DF93C31C5E57AD006262DE /* death.wav */,
				08DF93C41C5E57AD006262DE /* heart.wav */,
				08DF93C51C5E57AD006262DE /* skull.wav */,
			);
			name = sounds;
			sourceTree = "<group>";
		};
/* End PBXGroup section */

/* Begin PBXNativeTarget section */
		084BB2C31C5BC54700B2F3A3 /* My Little Monster */ = {
			isa = PBXNativeTarget;
			buildConfigurationList = 084BB2D61C5BC54700B2F3A3 /* Build configuration list for PBXNativeTarget "My Little Monster" */;
			buildPhases = (
				084BB2C01C5BC54700B2F3A3 /* Sources */,
				084BB2C11C5BC54700B2F3A3 /* Frameworks */,
				084BB2C21C5BC54700B2F3A3 /* Resources */,
			);
			buildRules = (
			);
			dependencies = (
			);
			name = "My Little Monster";
			productName = "My Little Monster";
			productReference = 084BB2C41C5BC54700B2F3A3 /* My Little Monster.app */;
			productType = "com.apple.product-type.application";
		};
/* End PBXNativeTarget section */

/* Begin PBXProject section */
		084BB2BC1C5BC54700B2F3A3 /* Project object */ = {
			isa = PBXProject;
			attributes = {
				LastSwiftUpdateCheck = 0720;
				LastUpgradeCheck = 0720;
				ORGANIZATIONNAME = "Ugo Besa";
				TargetAttributes = {
					084BB2C31C5BC54700B2F3A3 = {
						CreatedOnToolsVersion = 7.2;
					};
				};
			};
			buildConfigurationList = 084BB2BF1C5BC54700B2F3A3 /* Build configuration list for PBXProject "My Little Monster" */;
			compatibilityVersion = "Xcode 3.2";
			developmentRegion = English;
			hasScannedForEncodings = 0;
			knownRegions = (
				en,
				Base,
			);
			mainGroup = 084BB2BB1C5BC54700B2F3A3;
			productRefGroup = 084BB2C51C5BC54700B2F3A3 /* Products */;
			projectDirPath = "";
			projectRoot = "";
			targets = (
				084BB2C31C5BC54700B2F3A3 /* My Little Monster */,
			);
		};
/* End PBXProject section */

/* Begin PBXResourcesBuildPhase section */
		084BB2C21C5BC54700B2F3A3 /* Resources */ = {
			isa = PBXResourcesBuildPhase;
			buildActionMask = 2147483647;
			files = (
				08DF93CA1C5E57AD006262DE /* skull.wav in Resources */,
				08DF93C61C5E57AD006262DE /* bite.wav in Resources */,
				08DF93C81C5E57AD006262DE /* death.wav in Resources */,
				08DF93C91C5E57AD006262DE /* heart.wav in Resources */,
				08DF93C71C5E57AD006262DE /* cave-music.mp3 in Resources */,
				084BB2D21C5BC54700B2F3A3 /* LaunchScreen.storyboard in Resources */,
				084BB2CF1C5BC54700B2F3A3 /* Assets.xcassets in Resources */,
				084BB2CD1C5BC54700B2F3A3 /* Main.storyboard in Resources */,
			);
			runOnlyForDeploymentPostprocessing = 0;
		};
/* End PBXResourcesBuildPhase section */

/* Begin PBXSourcesBuildPhase section */
		084BB2C01C5BC54700B2F3A3 /* Sources */ = {
			isa = PBXSourcesBuildPhase;
			buildActionMask = 2147483647;
			files = (
				081FD5771C5CF4B6001CD1AA /* MonsterImg.swift in Sources */,
				084BB2DA1C5C222200B2F3A3 /* DragImg.swift in Sources */,
				084BB2CA1C5BC54700B2F3A3 /* ViewController.swift in Sources */,
				084BB2C81C5BC54700B2F3A3 /* AppDelegate.swift in Sources */,
			);
			runOnlyForDeploymentPostprocessing = 0;
		};
/* End PBXSourcesBuildPhase section */

/* Begin PBXVariantGroup section */
		084BB2CB1C5BC54700B2F3A3 /* Main.storyboard */ = {
			isa = PBXVariantGroup;
			children = (
				084BB2CC1C5BC54700B2F3A3 /* Base */,
			);
			name = Main.storyboard;
			sourceTree = "<group>";
		};
		084BB2D01C5BC54700B2F3A3 /* LaunchScreen.storyboard */ = {
			isa = PBXVariantGroup;
			children = (
				084BB2D11C5BC54700B2F3A3 /* Base */,
			);
			name = LaunchScreen.storyboard;
			sourceTree = "<group>";
		};
/* End PBXVariantGroup section */

/* Begin XCBuildConfiguration section */
		084BB2D41C5BC54700B2F3A3 /* Debug */ = {
			isa = XCBuildConfiguration;
			buildSettings = {
				ALWAYS_SEARCH_USER_PATHS = NO;
				CLANG_CXX_LANGUAGE_STANDARD = "gnu++0x";
				CLANG_CXX_LIBRARY = "libc++";
				CLANG_ENABLE_MODULES = YES;
				CLANG_ENABLE_OBJC_ARC = YES;
				CLANG_WARN_BOOL_CONVERSION = YES;
				CLANG_WARN_CONSTANT_CONVERSION = YES;
				CLANG_WARN_DIRECT_OBJC_ISA_USAGE = YES_ERROR;
				CLANG_WARN_EMPTY_BODY = YES;
				CLANG_WARN_ENUM_CONVERSION = YES;
				CLANG_WARN_INT_CONVERSION = YES;
				CLANG_WARN_OBJC_ROOT_CLASS = YES_ERROR;
				CLANG_WARN_UNREACHABLE_CODE = YES;
				CLANG_WARN__DUPLICATE_METHOD_MATCH = YES;
				"CODE_SIGN_IDENTITY[sdk=iphoneos*]" = "iPhone Developer";
				COPY_PHASE_STRIP = NO;
				DEBUG_INFORMATION_FORMAT = dwarf;
				ENABLE_STRICT_OBJC_MSGSEND = YES;
				ENABLE_TESTABILITY = YES;
				GCC_C_LANGUAGE_STANDARD = gnu99;
				GCC_DYNAMIC_NO_PIC = NO;
				GCC_NO_COMMON_BLOCKS = YES;
				GCC_OPTIMIZATION_LEVEL = 0;
				GCC_PREPROCESSOR_DEFINITIONS = (
					"DEBUG=1",
					"$(inherited)",
				);
				GCC_WARN_64_TO_32_BIT_CONVERSION = YES;
				GCC_WARN_ABOUT_RETURN_TYPE = YES_ERROR;
				GCC_WARN_UNDECLARED_SELECTOR = YES;
				GCC_WARN_UNINITIALIZED_AUTOS = YES_AGGRESSIVE;
				GCC_WARN_UNUSED_FUNCTION = YES;
				GCC_WARN_UNUSED_VARIABLE = YES;
				IPHONEOS_DEPLOYMENT_TARGET = 9.2;
				MTL_ENABLE_DEBUG_INFO = YES;
				ONLY_ACTIVE_ARCH = YES;
				SDKROOT = iphoneos;
				SWIFT_OPTIMIZATION_LEVEL = "-Onone";
			};
			name = Debug;
		};
		084BB2D51C5BC54700B2F3A3 /* Release */ = {
			isa = XCBuildConfiguration;
			buildSettings = {
				ALWAYS_SEARCH_USER_PATHS = NO;
				CLANG_CXX_LANGUAGE_STANDARD = "gnu++0x";
				CLANG_CXX_LIBRARY = "libc++";
				CLANG_ENABLE_MODULES = YES;
				CLANG_ENABLE_OBJC_ARC = YES;
				CLANG_WARN_BOOL_CONVERSION = YES;
				CLANG_WARN_CONSTANT_CONVERSION = YES;
				CLANG_WARN_DIRECT_OBJC_ISA_USAGE = YES_ERROR;
				CLANG_WARN_EMPTY_BODY = YES;
				CLANG_WARN_ENUM_CONVERSION = YES;
				CLANG_WARN_INT_CONVERSION = YES;
				CLANG_WARN_OBJC_ROOT_CLASS = YES_ERROR;
				CLANG_WARN_UNREACHABLE_CODE = YES;
				CLANG_WARN__DUPLICATE_METHOD_MATCH = YES;
				"CODE_SIGN_IDENTITY[sdk=iphoneos*]" = "iPhone Developer";
				COPY_PHASE_STRIP = NO;
				DEBUG_INFORMATION_FORMAT = "dwarf-with-dsym";
				ENABLE_NS_ASSERTIONS = NO;
				ENABLE_STRICT_OBJC_MSGSEND = YES;
				GCC_C_LANGUAGE_STANDARD = gnu99;
				GCC_NO_COMMON_BLOCKS = YES;
				GCC_WARN_64_TO_32_BIT_CONVERSION = YES;
				GCC_WARN_ABOUT_RETURN_TYPE = YES_ERROR;
				GCC_WARN_UNDECLARED_SELECTOR = YES;
				GCC_WARN_UNINITIALIZED_AUTOS = YES_AGGRESSIVE;
				GCC_WARN_UNUSED_FUNCTION = YES;
				GCC_WARN_UNUSED_VARIABLE = YES;
				IPHONEOS_DEPLOYMENT_TARGET = 9.2;
				MTL_ENABLE_DEBUG_INFO = NO;
				SDKROOT = iphoneos;
				VALIDATE_PRODUCT = YES;
			};
			name = Release;
		};
		084BB2D71C5BC54700B2F3A3 /* Debug */ = {
			isa = XCBuildConfiguration;
			buildSettings = {
				ASSETCATALOG_COMPILER_APPICON_NAME = AppIcon;
				INFOPLIST_FILE = "My Little Monster/Info.plist";
				LD_RUNPATH_SEARCH_PATHS = "$(inherited) @executable_path/Frameworks";
				PRODUCT_BUNDLE_IDENTIFIER = "com.ugobesa.My-Little-Monster";
				PRODUCT_NAME = "$(TARGET_NAME)";
				TARGETED_DEVICE_FAMILY = "1,2";
			};
			name = Debug;
		};
		084BB2D81C5BC54700B2F3A3 /* Release */ = {
			isa = XCBuildConfiguration;
			buildSettings = {
				ASSETCATALOG_COMPILER_APPICON_NAME = AppIcon;
				INFOPLIST_FILE = "My Little Monster/Info.plist";
				LD_RUNPATH_SEARCH_PATHS = "$(inherited) @executable_path/Frameworks";
				PRODUCT_BUNDLE_IDENTIFIER = "com.ugobesa.My-Little-Monster";
				PRODUCT_NAME = "$(TARGET_NAME)";
				TARGETED_DEVICE_FAMILY = "1,2";
			};
			name = Release;
		};
/* End XCBuildConfiguration section */

/* Begin XCConfigurationList section */
		084BB2BF1C5BC54700B2F3A3 /* Build configuration list for PBXProject "My Little Monster" */ = {
			isa = XCConfigurationList;
			buildConfigurations = (
				084BB2D41C5BC54700B2F3A3 /* Debug */,
				084BB2D51C5BC54700B2F3A3 /* Release */,
			);
			defaultConfigurationIsVisible = 0;
			defaultConfigurationName = Release;
		};
		084BB2D61C5BC54700B2F3A3 /* Build configuration list for PBXNativeTarget "My Little Monster" */ = {
			isa = XCConfigurationList;
			buildConfigurations = (
				084BB2D71C5BC54700B2F3A3 /* Debug */,
				084BB2D81C5BC54700B2F3A3 /* Release */,
			);
			defaultConfigurationIsVisible = 0;
			defaultConfigurationName = Release;
		};
/* End XCConfigurationList section */
	};
	rootObject = 084BB2BC1C5BC54700B2F3A3 /* Project object */;
}
